<?xml version="1.0" encoding="utf-8"?>
<Project ToolsVersion="4.0" xmlns="http://schemas.microsoft.com/developer/msbuild/2003">
  <ItemGroup>
    <Filter Include="src">
      <UniqueIdentifier>{e023011e-bccf-45f4-b581-9a8a29470bea}</UniqueIdentifier>
    </Filter>
    <Filter Include="src\videosource">
      <UniqueIdentifier>{ebb68b98-7cbf-4837-8859-6613573df69e}</UniqueIdentifier>
    </Filter>
    <Filter Include="src\core">
      <UniqueIdentifier>{9c998d0e-2218-477f-ba6c-47d9e7036ba5}</UniqueIdentifier>
    </Filter>
    <Filter Include="src\datalistener">
      <UniqueIdentifier>{3762ac7b-c402-4f9f-97e0-211932189e3b}</UniqueIdentifier>
    </Filter>
    <Filter Include="src\videosource\ffmpeg">
      <UniqueIdentifier>{e913b444-bfd0-4e91-b48a-dc3728c28389}</UniqueIdentifier>
    </Filter>
  </ItemGroup>
  <ItemGroup>
    <ClInclude Include="..\..\src\videosource\VideoSource.h">
      <Filter>src\videosource</Filter>
    </ClInclude>
    <ClInclude Include="..\..\src\videosource\ffmpeg\ffmpegVideoSource.h">
      <Filter>src\videosource\ffmpeg</Filter>
    </ClInclude>
  </ItemGroup>
  <ItemGroup>
    <ClCompile Include="..\..\src\videosource\ffmpeg\ffmpegVideoSource.cpp">
      <Filter>src\videosource\ffmpeg</Filter>
    </ClCompile>
  </ItemGroup>
</Project>